
Microsoft Visual Studio Solution File, Format Version 12.00
# Visual Studio Version 17
VisualStudioVersion = 17.5.33530.505
MinimumVisualStudioVersion = 10.0.40219.1
Project("{FAE04EC0-301F-11D3-BF4B-00C04F79EFBC}") = "Categoria", "TPN3Ejercicio1\Categoria.csproj", "{ACFB527C-CA16-45A5-913E-3445ADC914BF}"
EndProject
Global
	GlobalSection(SolutionConfigurationPlatforms) = preSolution
		Debug|Any CPU = Debug|Any CPU
		Release|Any CPU = Release|Any CPU
	EndGlobalSection
	GlobalSection(ProjectConfigurationPlatforms) = postSolution
		{ACFB527C-CA16-45A5-913E-3445ADC914BF}.Debug|Any CPU.ActiveCfg = Debug|Any CPU
		{ACFB527C-CA16-45A5-913E-3445ADC914BF}.Debug|Any CPU.Build.0 = Debug|Any CPU
		{ACFB527C-CA16-45A5-913E-3445ADC914BF}.Release|Any CPU.ActiveCfg = Release|Any CPU
		{ACFB527C-CA16-45A5-913E-3445ADC914BF}.Release|Any CPU.Build.0 = Release|Any CPU
	EndGlobalSection
	GlobalSection(SolutionProperties) = preSolution
		HideSolutionNode = FALSE
	EndGlobalSection
	GlobalSection(ExtensibilityGlobals) = postSolution
		SolutionGuid = {1216A63C-D1E7-4BDD-862E-622F8D9E8684}
	EndGlobalSection
EndGlobal
